
Microsoft Visual Studio Solution File, Format Version 10.00
# Visual Studio 2008
Project("{8BC9CEB8-8B4A-11D0-8D11-00A0C91BC942}") = "protocol", "source\protocol\protocol.vcproj", "{57572B5C-70B0-4D48-A41C-9671A5AB6C50}"
EndProject
Project("{8BC9CEB8-8B4A-11D0-8D11-00A0C91BC942}") = "kernel", "source\kernel\kernel.vcproj", "{CC94D866-D639-4F65-8A18-32103A0E2BAF}"
EndProject
Project("{8BC9CEB8-8B4A-11D0-8D11-00A0C91BC942}") = "relayserver", "server\relayserver\relayserver.vcproj", "{8EEE488C-1475-4BE6-B5C9-C20D3111D664}"
EndProject
Project("{8BC9CEB8-8B4A-11D0-8D11-00A0C91BC942}") = "lua", "lua\lua.vcproj", "{7E71BB36-4EA2-4A3B-BC17-EEB7A56FF769}"
EndProject
Project("{8BC9CEB8-8B4A-11D0-8D11-00A0C91BC942}") = "tolua++", "tolua++\tolua++.vcproj", "{F3A74B71-72BB-4901-A475-BB0540D988A0}"
EndProject
Global
	GlobalSection(SolutionConfigurationPlatforms) = preSolution
		Debug|Win32 = Debug|Win32
		Release|Win32 = Release|Win32
	EndGlobalSection
	GlobalSection(ProjectConfigurationPlatforms) = postSolution
		{57572B5C-70B0-4D48-A41C-9671A5AB6C50}.Debug|Win32.ActiveCfg = Debug|Win32
		{57572B5C-70B0-4D48-A41C-9671A5AB6C50}.Debug|Win32.Build.0 = Debug|Win32
		{57572B5C-70B0-4D48-A41C-9671A5AB6C50}.Release|Win32.ActiveCfg = Release|Win32
		{57572B5C-70B0-4D48-A41C-9671A5AB6C50}.Release|Win32.Build.0 = Release|Win32
		{CC94D866-D639-4F65-8A18-32103A0E2BAF}.Debug|Win32.ActiveCfg = Debug|Win32
		{CC94D866-D639-4F65-8A18-32103A0E2BAF}.Debug|Win32.Build.0 = Debug|Win32
		{CC94D866-D639-4F65-8A18-32103A0E2BAF}.Release|Win32.ActiveCfg = Release|Win32
		{CC94D866-D639-4F65-8A18-32103A0E2BAF}.Release|Win32.Build.0 = Release|Win32
		{8EEE488C-1475-4BE6-B5C9-C20D3111D664}.Debug|Win32.ActiveCfg = Debug|Win32
		{8EEE488C-1475-4BE6-B5C9-C20D3111D664}.Debug|Win32.Build.0 = Debug|Win32
		{8EEE488C-1475-4BE6-B5C9-C20D3111D664}.Release|Win32.ActiveCfg = Release|Win32
		{8EEE488C-1475-4BE6-B5C9-C20D3111D664}.Release|Win32.Build.0 = Release|Win32
		{7E71BB36-4EA2-4A3B-BC17-EEB7A56FF769}.Debug|Win32.ActiveCfg = Debug|Win32
		{7E71BB36-4EA2-4A3B-BC17-EEB7A56FF769}.Debug|Win32.Build.0 = Debug|Win32
		{7E71BB36-4EA2-4A3B-BC17-EEB7A56FF769}.Release|Win32.ActiveCfg = Release|Win32
		{7E71BB36-4EA2-4A3B-BC17-EEB7A56FF769}.Release|Win32.Build.0 = Release|Win32
		{F3A74B71-72BB-4901-A475-BB0540D988A0}.Debug|Win32.ActiveCfg = Debug|Win32
		{F3A74B71-72BB-4901-A475-BB0540D988A0}.Debug|Win32.Build.0 = Debug|Win32
		{F3A74B71-72BB-4901-A475-BB0540D988A0}.Release|Win32.ActiveCfg = Release|Win32
		{F3A74B71-72BB-4901-A475-BB0540D988A0}.Release|Win32.Build.0 = Release|Win32
	EndGlobalSection
	GlobalSection(SolutionProperties) = preSolution
		HideSolutionNode = FALSE
	EndGlobalSection
EndGlobal
